
Microsoft Visual Studio Solution File, Format Version 12.00
# Visual Studio 15
VisualStudioVersion = 15.0.26430.15
MinimumVisualStudioVersion = 10.0.40219.1
Project("{FAE04EC0-301F-11D3-BF4B-00C04F79EFBC}") = "Collector", "Collector.csproj", "{DD41CB03-453A-474F-AABC-CBA2BEE86E32}"
EndProject
Project("{FAE04EC0-301F-11D3-BF4B-00C04F79EFBC}") = "TestProcedure", "..\TestProcedure\TestProcedure.csproj", "{A6BAE1B5-1CBF-49FD-87B4-648CE2B15AF5}"
EndProject
Project("{FAE04EC0-301F-11D3-BF4B-00C04F79EFBC}") = "UcMyVoice", "UcMyVoice\UcMyVoice.csproj", "{FCBA8B5A-9BF4-4598-9D43-0416673F8A75}"
EndProject
Global
	GlobalSection(SolutionConfigurationPlatforms) = preSolution
		Debug|Any CPU = Debug|Any CPU
		Release|Any CPU = Release|Any CPU
	EndGlobalSection
	GlobalSection(ProjectConfigurationPlatforms) = postSolution
		{DD41CB03-453A-474F-AABC-CBA2BEE86E32}.Debug|Any CPU.ActiveCfg = Debug|Any CPU
		{DD41CB03-453A-474F-AABC-CBA2BEE86E32}.Debug|Any CPU.Build.0 = Debug|Any CPU
		{DD41CB03-453A-474F-AABC-CBA2BEE86E32}.Release|Any CPU.ActiveCfg = Release|Any CPU
		{DD41CB03-453A-474F-AABC-CBA2BEE86E32}.Release|Any CPU.Build.0 = Release|Any CPU
		{A6BAE1B5-1CBF-49FD-87B4-648CE2B15AF5}.Debug|Any CPU.ActiveCfg = Debug|Any CPU
		{A6BAE1B5-1CBF-49FD-87B4-648CE2B15AF5}.Debug|Any CPU.Build.0 = Debug|Any CPU
		{A6BAE1B5-1CBF-49FD-87B4-648CE2B15AF5}.Release|Any CPU.ActiveCfg = Release|Any CPU
		{A6BAE1B5-1CBF-49FD-87B4-648CE2B15AF5}.Release|Any CPU.Build.0 = Release|Any CPU
		{FCBA8B5A-9BF4-4598-9D43-0416673F8A75}.Debug|Any CPU.ActiveCfg = Debug|Any CPU
		{FCBA8B5A-9BF4-4598-9D43-0416673F8A75}.Debug|Any CPU.Build.0 = Debug|Any CPU
		{FCBA8B5A-9BF4-4598-9D43-0416673F8A75}.Release|Any CPU.ActiveCfg = Release|Any CPU
		{FCBA8B5A-9BF4-4598-9D43-0416673F8A75}.Release|Any CPU.Build.0 = Release|Any CPU
	EndGlobalSection
	GlobalSection(SolutionProperties) = preSolution
		HideSolutionNode = FALSE
	EndGlobalSection
EndGlobal
